{
  "name": "crewx-quickstart",
  "version": "0.1.6",
  "lockfileVersion": 3,
  "requires": true,
  "packages": {
    "": {
      "name": "crewx-quickstart",
      "version": "0.1.6",
      "license": "MIT",
      "bin": {
        "crewx-quickstart": "bin/crewx-quickstart.js"
      },
      "engines": {
        "node": ">=18.0.0"
      }
    }
  }
}
